
Microsoft Visual Studio Solution File, Format Version 12.00
# Visual Studio 14
VisualStudioVersion = 14.0.25420.1
MinimumVisualStudioVersion = 10.0.40219.1
Project("{FAE04EC0-301F-11D3-BF4B-00C04F79EFBC}") = "Photos", "Photos\Photos.csproj", "{75A688C7-67D0-4134-AD22-E4A7C7642CE6}"
EndProject
Project("{FAE04EC0-301F-11D3-BF4B-00C04F79EFBC}") = "Photos.Tests", "Photos.Tests\Photos.Tests.csproj", "{423D1C9E-0EF3-40B4-A8C3-2B844A40D7EE}"
EndProject
Global
	GlobalSection(SolutionConfigurationPlatforms) = preSolution
		Debug|Any CPU = Debug|Any CPU
		Release|Any CPU = Release|Any CPU
	EndGlobalSection
	GlobalSection(ProjectConfigurationPlatforms) = postSolution
		{75A688C7-67D0-4134-AD22-E4A7C7642CE6}.Debug|Any CPU.ActiveCfg = Debug|Any CPU
		{75A688C7-67D0-4134-AD22-E4A7C7642CE6}.Debug|Any CPU.Build.0 = Debug|Any CPU
		{75A688C7-67D0-4134-AD22-E4A7C7642CE6}.Release|Any CPU.ActiveCfg = Release|Any CPU
		{75A688C7-67D0-4134-AD22-E4A7C7642CE6}.Release|Any CPU.Build.0 = Release|Any CPU
		{423D1C9E-0EF3-40B4-A8C3-2B844A40D7EE}.Debug|Any CPU.ActiveCfg = Debug|Any CPU
		{423D1C9E-0EF3-40B4-A8C3-2B844A40D7EE}.Debug|Any CPU.Build.0 = Debug|Any CPU
		{423D1C9E-0EF3-40B4-A8C3-2B844A40D7EE}.Release|Any CPU.ActiveCfg = Release|Any CPU
		{423D1C9E-0EF3-40B4-A8C3-2B844A40D7EE}.Release|Any CPU.Build.0 = Release|Any CPU
	EndGlobalSection
	GlobalSection(SolutionProperties) = preSolution
		HideSolutionNode = FALSE
	EndGlobalSection
EndGlobal
